# This file is automatically @generated by Poetry 2.0.1 and should not be changed by hand.

[[package]]
name = "lief"
version = "0.16.4"
description = "Library to instrument executable formats"
optional = false
python-versions = ">=3.8"
groups = ["main"]
files = [
    {file = "lief-0.16.4-cp310-cp310-macosx_11_0_arm64.whl", hash = "sha256:1c6c9a3da02ee9b5fa9e6ee53ab128f89d54680d365c0e9dd34d1e1f5318032b"},
    {file = "lief-0.16.4-cp310-cp310-macosx_11_0_x86_64.whl", hash = "sha256:9ad6ceb1d89153f55b33659e46ba02642368126e8428ce825389b5bea4126388"},
    {file = "lief-0.16.4-cp310-cp310-manylinux2014_aarch64.whl", hash = "sha256:e42483f9c8de86b8c394b2809d0c239f17ccb9839719b8e9dc2cd7e6886159be"},
    {file = "lief-0.16.4-cp310-cp310-manylinux_2_28_x86_64.whl", hash = "sha256:2b9f744885d13a766fa47a6517490ddb50b917f7f8b169baff830dd175851ebf"},
    {file = "lief-0.16.4-cp310-cp310-musllinux_1_2_x86_64.whl", hash = "sha256:ae8131c663e920359afff320df9375cd4a6eacb1ace6087956f55cbe2849a89f"},
    {file = "lief-0.16.4-cp310-cp310-win32.whl", hash = "sha256:a77aac478c54d299172ae7b0531090a1ffdb0a5a3d10a98439cda7a0e88bf93c"},
    {file = "lief-0.16.4-cp310-cp310-win_amd64.whl", hash = "sha256:906b53083907011adf1d02e7b19a2138cde79b2408b5d346836ce571c1c2b1ca"},
    {file = "lief-0.16.4-cp311-cp311-macosx_11_0_arm64.whl", hash = "sha256:9ac39ce86488ab3dd8b45d15968b696ed2bc13e3471f6fe2d3783ad1c86adae3"},
    {file = "lief-0.16.4-cp311-cp311-macosx_11_0_x86_64.whl", hash = "sha256:1cc3bdc8ecc400c398b31e15fdab9986d43e1388d9727fce0300dca0a5e65c17"},
    {file = "lief-0.16.4-cp311-cp311-manylinux2014_aarch64.whl", hash = "sha256:621e0988efdf691e56fd6a8afe68cdeb4aea7cf935de3cbbcbec3455c6e57076"},
    {file = "lief-0.16.4-cp311-cp311-manylinux_2_28_x86_64.whl", hash = "sha256:8b1f328d6e955cccb798353105abdb9983c251556927258e55b02e2aa60d5645"},
    {file = "lief-0.16.4-cp311-cp311-musllinux_1_2_x86_64.whl", hash = "sha256:d1d062baacc79781f1143a01d057d0e0a857b1f80489b330684c57b76ec12e7f"},
    {file = "lief-0.16.4-cp311-cp311-win32.whl", hash = "sha256:7286e473544f85ba6c60b5afba0c3b9df3fd96d315d64a457c02cc7ce68b9711"},
    {file = "lief-0.16.4-cp311-cp311-win_amd64.whl", hash = "sha256:038b6d8910a4ff832ff6d77e439f55ec53f6c9426842ebe54bae9c26e3c36edb"},
    {file = "lief-0.16.4-cp312-cp312-macosx_11_0_arm64.whl", hash = "sha256:55e48dcb17c2ba2fbee5dd6cf68315b5a417fcfb5cb778a4298b09cd6c3dae4a"},
    {file = "lief-0.16.4-cp312-cp312-macosx_11_0_x86_64.whl", hash = "sha256:28ba25ebd22fc6bc81ae50108d5e7bc0ac3fd243dd606d12e8f96678bf82c1d0"},
    {file = "lief-0.16.4-cp312-cp312-manylinux2014_aarch64.whl", hash = "sha256:9ada948c418de2a994084fa405c28e2b36b12c3c098e69b7f77b563f049a61b5"},
    {file = "lief-0.16.4-cp312-cp312-manylinux_2_28_x86_64.whl", hash = "sha256:457a703c2b15f3465c415485506ce7f121f884f0ca82b13a08777758cb346c80"},
    {file = "lief-0.16.4-cp312-cp312-musllinux_1_2_x86_64.whl", hash = "sha256:8ba0b038eb7e8953d6c85347cba7cb353a79d122585e0797e3f1a75352ff6321"},
    {file = "lief-0.16.4-cp312-cp312-win32.whl", hash = "sha256:06cd2432def66454785add6b8f14f2cf9f7ef4168cf2eb24367192953fb33206"},
    {file = "lief-0.16.4-cp312-cp312-win_amd64.whl", hash = "sha256:c6363bf971135a4c65e2fa151e456995bb6ecb38c00f1ed9f8d4c6a625111556"},
    {file = "lief-0.16.4-cp313-cp313-macosx_11_0_arm64.whl", hash = "sha256:dec20dc5c6e146743ce99b2b883500326a7eedfbdd53f50be9db037a055cc840"},
    {file = "lief-0.16.4-cp313-cp313-macosx_11_0_x86_64.whl", hash = "sha256:4aa2bc911936cdf0ff21109963ddf93eaf2366304fc5e87a2b084e2dbbfe1f52"},
    {file = "lief-0.16.4-cp313-cp313-manylinux2014_aarch64.whl", hash = "sha256:2ba064016a68598eaa0d0c322f7fae06af62baf6265c9ff8ec17c92aea157ce4"},
    {file = "lief-0.16.4-cp313-cp313-manylinux_2_28_x86_64.whl", hash = "sha256:3b79275054b85af5857754c262b111aaf55455240acca52f02c82f9a6e526fd8"},
    {file = "lief-0.16.4-cp313-cp313-musllinux_1_2_x86_64.whl", hash = "sha256:fd9a8ebd338a8147e6f8fc2115e5965a11b8c12f09b8afe91473d9905c6ee88f"},
    {file = "lief-0.16.4-cp313-cp313-win32.whl", hash = "sha256:9e103cc2bee8ff8d960ead8a094fc6aa9878b9ebeae0c1785d1e5bc2428ec4a4"},
    {file = "lief-0.16.4-cp313-cp313-win_amd64.whl", hash = "sha256:775661661d0c4d33429f99e6cfd7f0e0c3781191be81c79eaa4a9f2c68929ebd"},
    {file = "lief-0.16.4-cp38-cp38-macosx_11_0_arm64.whl", hash = "sha256:07df595b627d5a428bcc11a6ae46abd041e0e9b185b7664d85d7f62bd5a9318e"},
    {file = "lief-0.16.4-cp38-cp38-macosx_11_0_x86_64.whl", hash = "sha256:426334fad54984a49fcdad4cc7bb9236084a9681d14f6e5b42fe7e9aead1b706"},
    {file = "lief-0.16.4-cp38-cp38-manylinux2014_aarch64.whl", hash = "sha256:b18a3a8015111cddff73157924055d5cbe36986e8832763192cd9ae71ac16205"},
    {file = "lief-0.16.4-cp38-cp38-manylinux_2_28_x86_64.whl", hash = "sha256:ac4859275bd989e9e8fe9eb1d31132b4903c4678b1c28a216d38cc731455b13f"},
    {file = "lief-0.16.4-cp38-cp38-musllinux_1_2_x86_64.whl", hash = "sha256:9b633766397bfdfc778946e84607e0e5ede04140db35caff287ce756799507c4"},
    {file = "lief-0.16.4-cp38-cp38-win32.whl", hash = "sha256:2f55ee6a33daa54bea194cbde6b5e7dc46325cc834449db2669b1a8a9ae16362"},
    {file = "lief-0.16.4-cp38-cp38-win_amd64.whl", hash = "sha256:5d99302ce8544879e650f713c368e4463d3f00b1266e27065fb86fcb73bd3fec"},
    {file = "lief-0.16.4-cp39-cp39-macosx_11_0_arm64.whl", hash = "sha256:c1b7ec16f5a8bd578b42b3438428ff09898783106915ba495360abfe93830770"},
    {file = "lief-0.16.4-cp39-cp39-macosx_11_0_x86_64.whl", hash = "sha256:07b832d821618df6f92ada9671f7111ac35e6a71e5220bc60ef20855053b78eb"},
    {file = "lief-0.16.4-cp39-cp39-manylinux2014_aarch64.whl", hash = "sha256:c436994e40037b170f261099d74db934beac4d9f824d56f912ebc2276fa79ba7"},
    {file = "lief-0.16.4-cp39-cp39-manylinux_2_28_x86_64.whl", hash = "sha256:64035c2d3fdf64cf3892555f64b158782df8603078886ac4ea27b7a2c3a77b6f"},
    {file = "lief-0.16.4-cp39-cp39-musllinux_1_2_x86_64.whl", hash = "sha256:a38f5c9329c564c483eb7248f2db1fc0fb87ffbdab933acaf5072a0e8552c20e"},
    {file = "lief-0.16.4-cp39-cp39-win32.whl", hash = "sha256:a1f7d1e8bf0e0d386be89c60effbcd5768904b26a7a7bde0ed9ed8fc67b92a31"},
    {file = "lief-0.16.4-cp39-cp39-win_amd64.whl", hash = "sha256:71449a9ae6a2e4a888db3cfd698071222e79b75b11250e33ac8bfd48634f09d8"},
]

[[package]]
name = "pygdbmi"
version = "0.11.0.0"
description = "Parse gdb machine interface output with Python"
optional = false
python-versions = "*"
groups = ["main"]
files = [
    {file = "pygdbmi-0.11.0.0-py3-none-any.whl", hash = "sha256:f7cac28e1d558927444c880ed1e65da1a5d8686121a3aac16f42fb84d3ceb60d"},
    {file = "pygdbmi-0.11.0.0.tar.gz", hash = "sha256:7a286be2fcf25650d9f66e11adc46e972cf078a466864a700cd44739ad261fb0"},
]

[metadata]
lock-version = "2.1"
python-versions = ">=3.12"
content-hash = "5baf6a26b8872c734bf5834c2cf846b247b6b411bd44e7eed4ebe01056300c28"
