# This file is automatically @generated by Poetry 2.0.1 and should not be changed by hand.

[[package]]
name = "pygdbmi"
version = "0.11.0.0"
description = "Parse gdb machine interface output with Python"
optional = false
python-versions = "*"
groups = ["main"]
files = [
    {file = "pygdbmi-0.11.0.0-py3-none-any.whl", hash = "sha256:f7cac28e1d558927444c880ed1e65da1a5d8686121a3aac16f42fb84d3ceb60d"},
    {file = "pygdbmi-0.11.0.0.tar.gz", hash = "sha256:7a286be2fcf25650d9f66e11adc46e972cf078a466864a700cd44739ad261fb0"},
]

[metadata]
lock-version = "2.1"
python-versions = ">=3.12"
content-hash = "6adbc01bf2f93cc4744d242492f8a2f3db08800144a5bff3327850ee0365ae50"
